
Microsoft Visual Studio Solution File, Format Version 12.00
# Visual Studio Version 17
VisualStudioVersion = 17.4.33213.308
MinimumVisualStudioVersion = 10.0.40219.1
Project("{FAE04EC0-301F-11D3-BF4B-00C04F79EFBC}") = "FactoryMethod", "FactoryMethod\FactoryMethod.csproj", "{A02744B4-863A-41FA-81FE-B80CEE468122}"
EndProject
Project("{FAE04EC0-301F-11D3-BF4B-00C04F79EFBC}") = "AbstractFactory", "AbstractFactory\AbstractFactory.csproj", "{DA9C9FFD-5015-42BD-BEC6-86506012C8CC}"
EndProject
Global
	GlobalSection(SolutionConfigurationPlatforms) = preSolution
		Debug|Any CPU = Debug|Any CPU
		Release|Any CPU = Release|Any CPU
	EndGlobalSection
	GlobalSection(ProjectConfigurationPlatforms) = postSolution
		{A02744B4-863A-41FA-81FE-B80CEE468122}.Debug|Any CPU.ActiveCfg = Debug|Any CPU
		{A02744B4-863A-41FA-81FE-B80CEE468122}.Debug|Any CPU.Build.0 = Debug|Any CPU
		{A02744B4-863A-41FA-81FE-B80CEE468122}.Release|Any CPU.ActiveCfg = Release|Any CPU
		{A02744B4-863A-41FA-81FE-B80CEE468122}.Release|Any CPU.Build.0 = Release|Any CPU
		{DA9C9FFD-5015-42BD-BEC6-86506012C8CC}.Debug|Any CPU.ActiveCfg = Debug|Any CPU
		{DA9C9FFD-5015-42BD-BEC6-86506012C8CC}.Debug|Any CPU.Build.0 = Debug|Any CPU
		{DA9C9FFD-5015-42BD-BEC6-86506012C8CC}.Release|Any CPU.ActiveCfg = Release|Any CPU
		{DA9C9FFD-5015-42BD-BEC6-86506012C8CC}.Release|Any CPU.Build.0 = Release|Any CPU
	EndGlobalSection
	GlobalSection(SolutionProperties) = preSolution
		HideSolutionNode = FALSE
	EndGlobalSection
	GlobalSection(ExtensibilityGlobals) = postSolution
		SolutionGuid = {8B58C6C1-2490-4E33-9644-90ED07BF6902}
	EndGlobalSection
EndGlobal
